
Microsoft Visual Studio Solution File, Format Version 12.00
# Visual Studio Version 17
VisualStudioVersion = 17.5.33627.172
MinimumVisualStudioVersion = 10.0.40219.1
Project("{9A19103F-16F7-4668-BE54-9A1E7A4F7556}") = "FirstProject", "..\FirstProject\FirstProject.csproj", "{969A8E0D-47E4-4187-A623-4EA48A4054A5}"
EndProject
Project("{9A19103F-16F7-4668-BE54-9A1E7A4F7556}") = "PartyInvites", "..\PartyInvites\PartyInvites.csproj", "{E24ED24E-D915-4459-90CA-ADED94FB159E}"
EndProject
Project("{FAE04EC0-301F-11D3-BF4B-00C04F79EFBC}") = "SportsStore", "SportsStore\SportsStore.csproj", "{C8564A72-9D83-48FA-8B1C-264C16B03106}"
EndProject
Project("{FAE04EC0-301F-11D3-BF4B-00C04F79EFBC}") = "SportsStore.Tests", "SportsStore.Tests\SportsStore.Tests.csproj", "{D364D443-E422-439B-9C00-A78E922E05D3}"
EndProject
Global
	GlobalSection(SolutionConfigurationPlatforms) = preSolution
		Debug|Any CPU = Debug|Any CPU
		Release|Any CPU = Release|Any CPU
	EndGlobalSection
	GlobalSection(ProjectConfigurationPlatforms) = postSolution
		{969A8E0D-47E4-4187-A623-4EA48A4054A5}.Debug|Any CPU.ActiveCfg = Debug|Any CPU
		{969A8E0D-47E4-4187-A623-4EA48A4054A5}.Debug|Any CPU.Build.0 = Debug|Any CPU
		{969A8E0D-47E4-4187-A623-4EA48A4054A5}.Release|Any CPU.ActiveCfg = Release|Any CPU
		{969A8E0D-47E4-4187-A623-4EA48A4054A5}.Release|Any CPU.Build.0 = Release|Any CPU
		{E24ED24E-D915-4459-90CA-ADED94FB159E}.Debug|Any CPU.ActiveCfg = Debug|Any CPU
		{E24ED24E-D915-4459-90CA-ADED94FB159E}.Debug|Any CPU.Build.0 = Debug|Any CPU
		{E24ED24E-D915-4459-90CA-ADED94FB159E}.Release|Any CPU.ActiveCfg = Release|Any CPU
		{E24ED24E-D915-4459-90CA-ADED94FB159E}.Release|Any CPU.Build.0 = Release|Any CPU
		{C8564A72-9D83-48FA-8B1C-264C16B03106}.Debug|Any CPU.ActiveCfg = Debug|Any CPU
		{C8564A72-9D83-48FA-8B1C-264C16B03106}.Debug|Any CPU.Build.0 = Debug|Any CPU
		{C8564A72-9D83-48FA-8B1C-264C16B03106}.Release|Any CPU.ActiveCfg = Release|Any CPU
		{C8564A72-9D83-48FA-8B1C-264C16B03106}.Release|Any CPU.Build.0 = Release|Any CPU
		{D364D443-E422-439B-9C00-A78E922E05D3}.Debug|Any CPU.ActiveCfg = Debug|Any CPU
		{D364D443-E422-439B-9C00-A78E922E05D3}.Debug|Any CPU.Build.0 = Debug|Any CPU
		{D364D443-E422-439B-9C00-A78E922E05D3}.Release|Any CPU.ActiveCfg = Release|Any CPU
		{D364D443-E422-439B-9C00-A78E922E05D3}.Release|Any CPU.Build.0 = Release|Any CPU
	EndGlobalSection
	GlobalSection(SolutionProperties) = preSolution
		HideSolutionNode = FALSE
	EndGlobalSection
	GlobalSection(ExtensibilityGlobals) = postSolution
		SolutionGuid = {F957270B-8937-4566-B81A-BA171BCD6FA8}
	EndGlobalSection
EndGlobal
